
Microsoft Visual Studio Solution File, Format Version 12.00
# Visual Studio Version 17
VisualStudioVersion = 17.0.31612.314
MinimumVisualStudioVersion = 10.0.40219.1
Project("{9A19103F-16F7-4668-BE54-9A1E7A4F7556}") = "Blog.Blazor", "Blog.Blazor\Blog.Blazor.csproj", "{7EE593DD-914B-4DAB-98EB-1F0C80FC797F}"
EndProject
Project("{9A19103F-16F7-4668-BE54-9A1E7A4F7556}") = "Blog.Api", "Blog.Api\Blog.Api.csproj", "{94C78590-3A71-4846-B739-A3453FBD9D6E}"
EndProject
Global
	GlobalSection(SolutionConfigurationPlatforms) = preSolution
		Debug|Any CPU = Debug|Any CPU
		Debug|x64 = Debug|x64
		Release|Any CPU = Release|Any CPU
		Release|x64 = Release|x64
	EndGlobalSection
	GlobalSection(ProjectConfigurationPlatforms) = postSolution
		{7EE593DD-914B-4DAB-98EB-1F0C80FC797F}.Debug|Any CPU.ActiveCfg = Debug|Any CPU
		{7EE593DD-914B-4DAB-98EB-1F0C80FC797F}.Debug|Any CPU.Build.0 = Debug|Any CPU
		{7EE593DD-914B-4DAB-98EB-1F0C80FC797F}.Debug|x64.ActiveCfg = Debug|x64
		{7EE593DD-914B-4DAB-98EB-1F0C80FC797F}.Debug|x64.Build.0 = Debug|x64
		{7EE593DD-914B-4DAB-98EB-1F0C80FC797F}.Release|Any CPU.ActiveCfg = Release|Any CPU
		{7EE593DD-914B-4DAB-98EB-1F0C80FC797F}.Release|Any CPU.Build.0 = Release|Any CPU
		{7EE593DD-914B-4DAB-98EB-1F0C80FC797F}.Release|x64.ActiveCfg = Release|x64
		{7EE593DD-914B-4DAB-98EB-1F0C80FC797F}.Release|x64.Build.0 = Release|x64
		{94C78590-3A71-4846-B739-A3453FBD9D6E}.Debug|Any CPU.ActiveCfg = Debug|x64
		{94C78590-3A71-4846-B739-A3453FBD9D6E}.Debug|Any CPU.Build.0 = Debug|x64
		{94C78590-3A71-4846-B739-A3453FBD9D6E}.Debug|x64.ActiveCfg = Debug|x64
		{94C78590-3A71-4846-B739-A3453FBD9D6E}.Debug|x64.Build.0 = Debug|x64
		{94C78590-3A71-4846-B739-A3453FBD9D6E}.Release|Any CPU.ActiveCfg = Release|Any CPU
		{94C78590-3A71-4846-B739-A3453FBD9D6E}.Release|Any CPU.Build.0 = Release|Any CPU
		{94C78590-3A71-4846-B739-A3453FBD9D6E}.Release|x64.ActiveCfg = Release|x64
		{94C78590-3A71-4846-B739-A3453FBD9D6E}.Release|x64.Build.0 = Release|x64
	EndGlobalSection
	GlobalSection(SolutionProperties) = preSolution
		HideSolutionNode = FALSE
	EndGlobalSection
	GlobalSection(ExtensibilityGlobals) = postSolution
		SolutionGuid = {DE518271-DF83-4258-9361-CAAEF07718CD}
	EndGlobalSection
EndGlobal
